
Microsoft Visual Studio Solution File, Format Version 12.00
# Visual Studio Version 17
VisualStudioVersion = 17.3.32922.545
MinimumVisualStudioVersion = 10.0.40219.1
Project("{9A19103F-16F7-4668-BE54-9A1E7A4F7556}") = "Roblox", "Roblox\Roblox.csproj", "{F9A68168-65F2-4F19-A521-4E839DA8EEA2}"
EndProject
Project("{FAE04EC0-301F-11D3-BF4B-00C04F79EFBC}") = "Roblox.Tests", "Roblox.Tests\Roblox.Tests.csproj", "{066E1185-A801-43DE-B1F0-7775CBAF338B}"
EndProject
Global
	GlobalSection(SolutionConfigurationPlatforms) = preSolution
		Debug|Any CPU = Debug|Any CPU
		Release|Any CPU = Release|Any CPU
	EndGlobalSection
	GlobalSection(ProjectConfigurationPlatforms) = postSolution
		{F9A68168-65F2-4F19-A521-4E839DA8EEA2}.Debug|Any CPU.ActiveCfg = Debug|Any CPU
		{F9A68168-65F2-4F19-A521-4E839DA8EEA2}.Debug|Any CPU.Build.0 = Debug|Any CPU
		{F9A68168-65F2-4F19-A521-4E839DA8EEA2}.Release|Any CPU.ActiveCfg = Release|Any CPU
		{F9A68168-65F2-4F19-A521-4E839DA8EEA2}.Release|Any CPU.Build.0 = Release|Any CPU
		{066E1185-A801-43DE-B1F0-7775CBAF338B}.Debug|Any CPU.ActiveCfg = Debug|Any CPU
		{066E1185-A801-43DE-B1F0-7775CBAF338B}.Debug|Any CPU.Build.0 = Debug|Any CPU
		{066E1185-A801-43DE-B1F0-7775CBAF338B}.Release|Any CPU.ActiveCfg = Release|Any CPU
		{066E1185-A801-43DE-B1F0-7775CBAF338B}.Release|Any CPU.Build.0 = Release|Any CPU
	EndGlobalSection
	GlobalSection(SolutionProperties) = preSolution
		HideSolutionNode = FALSE
	EndGlobalSection
	GlobalSection(ExtensibilityGlobals) = postSolution
		SolutionGuid = {14480238-7518-4064-A9E9-884D5E1DDE28}
	EndGlobalSection
EndGlobal
